FORGE
  remote: https://forgeapi.puppetlabs.com
  specs:
    jfryman-nginx (0.2.2)
      puppetlabs-apt (< 2.0.0, >= 1.0.0)
      puppetlabs-concat (< 2.0.0, >= 1.1.1)
      puppetlabs-stdlib (< 5.0.0, >= 4.2.0)
    puppetlabs-apt (1.7.0)
      puppetlabs-stdlib (>= 2.2.1)
    puppetlabs-concat (1.2.0)
      puppetlabs-stdlib (< 5.0.0, >= 3.2.0)
    puppetlabs-stdlib (4.5.1)

GIT
  remote: git://github.com/jtopjian/puppet-apt_mirror.git
  ref: master
  sha: aa9c5ce12e5e627a18229e2caefdc9bccfc190da
  specs:
    jtopjian-apt_mirror (1.1.3)
      puppetlabs-concat (>= 0.2.0)

GIT
  remote: git://github.com/mstrauss/puppet-editfile.git
  ref: master
  sha: 884efdc0997af667f24625e696630e6b1db5a952
  specs:
    mstrauss-editfile (0.0.1)

GIT
  remote: git://github.com/pulling-strings/puppet-mkfs.git
  ref: master
  sha: 77658ed437b8b949aa138c735998ef46f3bb1d32
  specs:
    strings-mkfs (0.1.0)

DEPENDENCIES
  jfryman-nginx (>= 0)
  jtopjian-apt_mirror (>= 0)
  mstrauss-editfile (>= 0)
  puppetlabs-apt (>= 0)
  puppetlabs-stdlib (>= 0)
  strings-mkfs (>= 0)

